
Microsoft Visual Studio Solution File, Format Version 12.00
# Visual Studio Version 16
VisualStudioVersion = 25.0.1706.4
MinimumVisualStudioVersion = 10.0.40219.1
Project("{FAE04EC0-301F-11D3-BF4B-00C04F79EFBC}") = "ustal", "ustal\ustal.csproj", "{7C5774BB-2741-466E-BB8E-7BFEC8E96DBF}"
EndProject
Global
	GlobalSection(SolutionConfigurationPlatforms) = preSolution
		Debug|Any CPU = Debug|Any CPU
		Release|Any CPU = Release|Any CPU
	EndGlobalSection
	GlobalSection(ProjectConfigurationPlatforms) = postSolution
		{7C5774BB-2741-466E-BB8E-7BFEC8E96DBF}.Debug|Any CPU.ActiveCfg = Debug|Any CPU
		{7C5774BB-2741-466E-BB8E-7BFEC8E96DBF}.Debug|Any CPU.Build.0 = Debug|Any CPU
		{7C5774BB-2741-466E-BB8E-7BFEC8E96DBF}.Release|Any CPU.ActiveCfg = Release|Any CPU
		{7C5774BB-2741-466E-BB8E-7BFEC8E96DBF}.Release|Any CPU.Build.0 = Release|Any CPU
	EndGlobalSection
	GlobalSection(SolutionProperties) = preSolution
		HideSolutionNode = FALSE
	EndGlobalSection
	GlobalSection(ExtensibilityGlobals) = postSolution
		SolutionGuid = {1924E481-E03D-4F53-8BFA-B8202C2B9E93}
	EndGlobalSection
EndGlobal
